github.com/NethermindEth/juno v0.8.1-0.20231228072404-6222563f6218 h1:Xg2S0hfbb6Y4tRQ3Oya3UojwJMMG0skwrnUiYChVLHA=
github.com/NethermindEth/juno v0.8.1-0.20231228072404-6222563f6218/go.mod h1:5kSgsPgy1oHKSbzUFvx5ot8Jgutr9cCcWyKRD9gp9tY=
github.com/NethermindEth/juno v0.9.2 h1:VoYjVheuHX2EzdxDqkzGA4p6zFh98fVU/K1CLBjF2vw=
github.com/NethermindEth/juno v0.9.2/go.mod h1:uji2muAKzNHZuTd6DtCqgzUDRek6UMmOzheenJLgccM=
github.com/yu-org/yu v0.0.0-20231228073722-7faa48ad921e h1:UPG6FQfXttsrLlx0bkS3oF65Sy1jmgx/l+Q8rRY/x/w=
github.com/yu-org/yu v0.0.0-20231228073722-7faa48ad921e/go.mod h1:breQEzTiQiq/ysmKZydzm4bp8eoS+23SHQ/sfVi6f1E=
